
Microsoft Visual Studio Solution File, Format Version 12.00
# Visual Studio Version 17
VisualStudioVersion = 17.14.36518.9 d17.14
MinimumVisualStudioVersion = 10.0.40219.1
Project("{F184B08F-C81C-45F6-A57F-5ABD9991F28F}") = "SecPOCs2.0", "SecPOCs2.0\SecPOCs2.0.vbproj", "{E8C25CF3-31F4-40E4-B898-499CE25EAE45}"
EndProject
Global
	GlobalSection(SolutionConfigurationPlatforms) = preSolution
		Debug|Any CPU = Debug|Any CPU
		Release|Any CPU = Release|Any CPU
	EndGlobalSection
	GlobalSection(ProjectConfigurationPlatforms) = postSolution
		{E8C25CF3-31F4-40E4-B898-499CE25EAE45}.Debug|Any CPU.ActiveCfg = Debug|Any CPU
		{E8C25CF3-31F4-40E4-B898-499CE25EAE45}.Debug|Any CPU.Build.0 = Debug|Any CPU
		{E8C25CF3-31F4-40E4-B898-499CE25EAE45}.Release|Any CPU.ActiveCfg = Release|Any CPU
		{E8C25CF3-31F4-40E4-B898-499CE25EAE45}.Release|Any CPU.Build.0 = Release|Any CPU
	EndGlobalSection
	GlobalSection(SolutionProperties) = preSolution
		HideSolutionNode = FALSE
	EndGlobalSection
	GlobalSection(ExtensibilityGlobals) = postSolution
		SolutionGuid = {CCA2E965-799F-447B-A191-73ED810852BF}
	EndGlobalSection
EndGlobal
